{
  "name": "figma-linux-rust-binding",
  "version": "0.2.8",
  "lockfileVersion": 2,
  "requires": true,
  "packages": {
    "": {
      "name": "figma-linux-rust-binding",
      "version": "0.2.8",
      "hasInstallScript": true,
      "license": "GPL-2.0",
      "dependencies": {
        "cargo-cp-artifact": "^0.1"
      },
      "devDependencies": {
        "electron-build-env": "^0.2"
      },
      "engines": {
        "node": ">=10.11.0"
      }
    },
    "node_modules/cargo-cp-artifact": {
      "version": "0.1.5",
      "resolved": "https://registry.npmjs.org/cargo-cp-artifact/-/cargo-cp-artifact-0.1.5.tgz",
      "integrity": "sha512-mWwNdfrEyvMPxDHoAhbCYwQBNP3RyW9bV+yi5VaaHtVZqoDXbGU5JQF5qG7s65SJhqP7HIVAQD7wZM6Fk2COuw==",
      "bin": {
        "cargo-cp-artifact": "bin/cargo-cp-artifact.js"
      }
    },
    "node_modules/commander": {
      "version": "2.20.3",
      "resolved": "https://registry.npmjs.org/commander/-/commander-2.20.3.tgz",
      "integrity": "sha512-GpVkmM8vF2vQUkj2LvZmD35JxeJOLCwJ9cUkugyk2nuhbv3+mJvpLYYt+0+USMxE+oj+ey/lJEnhZw75x/OMcQ==",
      "dev": true
    },
    "node_modules/electron-build-env": {
      "version": "0.2.0",
      "resolved": "https://registry.npmjs.org/electron-build-env/-/electron-build-env-0.2.0.tgz",
      "integrity": "sha1-VknuPl/QBuJnCGyqlFt3ofoiC5I=",
      "dev": true,
      "dependencies": {
        "commander": "^2.9.0",
        "mkdirp": "^0.5.1"
      },
      "bin": {
        "electron-build-env": "cli.js"
      }
    },
    "node_modules/minimist": {
      "version": "1.2.5",
      "resolved": "https://registry.npmjs.org/minimist/-/minimist-1.2.5.tgz",
      "integrity": "sha512-FM9nNUYrRBAELZQT3xeZQ7fmMOBg6nWNmJKTcgsJeaLstP/UODVpGsr5OhXhhXg6f+qtJ8uiZ+PUxkDWcgIXLw==",
      "dev": true
    },
    "node_modules/mkdirp": {
      "version": "0.5.5",
      "resolved": "https://registry.npmjs.org/mkdirp/-/mkdirp-0.5.5.tgz",
      "integrity": "sha512-NKmAlESf6jMGym1++R0Ra7wvhV+wFW63FaSOFPwRahvea0gMUcGUhVeAg/0BC0wiv9ih5NYPB1Wn1UEI1/L+xQ==",
      "dev": true,
      "dependencies": {
        "minimist": "^1.2.5"
      },
      "bin": {
        "mkdirp": "bin/cmd.js"
      }
    }
  },
  "dependencies": {
    "cargo-cp-artifact": {
      "version": "0.1.5",
      "resolved": "https://registry.npmjs.org/cargo-cp-artifact/-/cargo-cp-artifact-0.1.5.tgz",
      "integrity": "sha512-mWwNdfrEyvMPxDHoAhbCYwQBNP3RyW9bV+yi5VaaHtVZqoDXbGU5JQF5qG7s65SJhqP7HIVAQD7wZM6Fk2COuw=="
    },
    "commander": {
      "version": "2.20.3",
      "resolved": "https://registry.npmjs.org/commander/-/commander-2.20.3.tgz",
      "integrity": "sha512-GpVkmM8vF2vQUkj2LvZmD35JxeJOLCwJ9cUkugyk2nuhbv3+mJvpLYYt+0+USMxE+oj+ey/lJEnhZw75x/OMcQ==",
      "dev": true
    },
    "electron-build-env": {
      "version": "0.2.0",
      "resolved": "https://registry.npmjs.org/electron-build-env/-/electron-build-env-0.2.0.tgz",
      "integrity": "sha1-VknuPl/QBuJnCGyqlFt3ofoiC5I=",
      "dev": true,
      "requires": {
        "commander": "^2.9.0",
        "mkdirp": "^0.5.1"
      }
    },
    "minimist": {
      "version": "1.2.5",
      "resolved": "https://registry.npmjs.org/minimist/-/minimist-1.2.5.tgz",
      "integrity": "sha512-FM9nNUYrRBAELZQT3xeZQ7fmMOBg6nWNmJKTcgsJeaLstP/UODVpGsr5OhXhhXg6f+qtJ8uiZ+PUxkDWcgIXLw==",
      "dev": true
    },
    "mkdirp": {
      "version": "0.5.5",
      "resolved": "https://registry.npmjs.org/mkdirp/-/mkdirp-0.5.5.tgz",
      "integrity": "sha512-NKmAlESf6jMGym1++R0Ra7wvhV+wFW63FaSOFPwRahvea0gMUcGUhVeAg/0BC0wiv9ih5NYPB1Wn1UEI1/L+xQ==",
      "dev": true,
      "requires": {
        "minimist": "^1.2.5"
      }
    }
  }
}